{
  "name": "email_verification",
  "version": "1.0.0",
  "lockfileVersion": 3,
  "requires": true,
  "packages": {
    "": {
      "name": "email_verification",
      "version": "1.0.0",
      "license": "ISC",
      "dependencies": {
        "mr-email-checker": "^0.1.1"
      }
    },
    "node_modules/mr-email-checker": {
      "version": "0.1.1",
      "resolved": "https://registry.npmjs.org/mr-email-checker/-/mr-email-checker-0.1.1.tgz",
      "integrity": "sha512-ewkv+Z6IR2qy3Q/DGABw1WGLVl0KXp1xvjJ2HpZvwyKjEqxKWW8a3CVcoh+2gcmBE4Vm/Wp+aGackW/y+dnPPQ==",
      "license": "MIT",
      "engines": {
        "node": ">=18"
      }
    }
  }
}
